
Microsoft Visual Studio Solution File, Format Version 12.00
# Visual Studio Version 17
VisualStudioVersion = 17.3.32929.385
MinimumVisualStudioVersion = 10.0.40219.1
Project("{FAE04EC0-301F-11D3-BF4B-00C04F79EFBC}") = "HelloWorld!", "HelloWorld!.csproj", "{4400E131-A579-4E19-8CDB-DFE0AE659099}"
EndProject
Global
	GlobalSection(SolutionConfigurationPlatforms) = preSolution
		Debug|Any CPU = Debug|Any CPU
		Release|Any CPU = Release|Any CPU
	EndGlobalSection
	GlobalSection(ProjectConfigurationPlatforms) = postSolution
		{4400E131-A579-4E19-8CDB-DFE0AE659099}.Debug|Any CPU.ActiveCfg = Debug|Any CPU
		{4400E131-A579-4E19-8CDB-DFE0AE659099}.Debug|Any CPU.Build.0 = Debug|Any CPU
		{4400E131-A579-4E19-8CDB-DFE0AE659099}.Release|Any CPU.ActiveCfg = Release|Any CPU
		{4400E131-A579-4E19-8CDB-DFE0AE659099}.Release|Any CPU.Build.0 = Release|Any CPU
	EndGlobalSection
	GlobalSection(SolutionProperties) = preSolution
		HideSolutionNode = FALSE
	EndGlobalSection
	GlobalSection(ExtensibilityGlobals) = postSolution
		SolutionGuid = {7F0EDF24-799E-4C1B-AF45-7BAE5B3A8EF8}
	EndGlobalSection
EndGlobal
